// !$*UTF8*$!
{
	archiveVersion = 1;
	classes = {
	};
	objectVersion = 50;
	objects = {

/* Begin PBXBuildFile section */
		48825DBD268AA9BB00DE5C21 /* Constant.swift in Sources */ = {isa = PBXBuildFile; fileRef = 48825DBC268AA9BB00DE5C21 /* Constant.swift */; };
		489587D5263FD05100C025A0 /* WeatherData.swift in Sources */ = {isa = PBXBuildFile; fileRef = 489587D4263FD05100C025A0 /* WeatherData.swift */; };
		489587D82640140D00C025A0 /* WeatherModel.swift in Sources */ = {isa = PBXBuildFile; fileRef = 489587D72640140D00C025A0 /* WeatherModel.swift */; };
		E4156973260481E4006C5656 /* WeatherManager.swift in Sources */ = {isa = PBXBuildFile; fileRef = E4156972260481E4006C5656 /* WeatherManager.swift */; };
		E4ED24972603385500CC7A6D /* AppDelegate.swift in Sources */ = {isa = PBXBuildFile; fileRef = E4ED24962603385500CC7A6D /* AppDelegate.swift */; };
		E4ED24992603385500CC7A6D /* SceneDelegate.swift in Sources */ = {isa = PBXBuildFile; fileRef = E4ED24982603385500CC7A6D /* SceneDelegate.swift */; };
		E4ED249B2603385500CC7A6D /* WeatherViewController.swift in Sources */ = {isa = PBXBuildFile; fileRef = E4ED249A2603385500CC7A6D /* WeatherViewController.swift */; };
		E4ED249E2603385500CC7A6D /* Main.storyboard in Resources */ = {isa = PBXBuildFile; fileRef = E4ED249C2603385500CC7A6D /* Main.storyboard */; };
		E4ED24A02603385600CC7A6D /* Assets.xcassets in Resources */ = {isa = PBXBuildFile; fileRef = E4ED249F2603385600CC7A6D /* Assets.xcassets */; };
		E4ED24A32603385600CC7A6D /* LaunchScreen.storyboard in Resources */ = {isa = PBXBuildFile; fileRef = E4ED24A12603385600CC7A6D /* LaunchScreen.storyboard */; };
/* End PBXBuildFile section */

/* Begin PBXFileReference section */
		48825DBC268AA9BB00DE5C21 /* Constant.swift */ = {isa = PBXFileReference; lastKnownFileType = sourcecode.swift; path = Constant.swift; sourceTree = "<group>"; };
		489587D4263FD05100C025A0 /* WeatherData.swift */ = {isa = PBXFileReference; lastKnownFileType = sourcecode.swift; path = WeatherData.swift; sourceTree = "<group>"; };
		489587D72640140D00C025A0 /* WeatherModel.swift */ = {isa = PBXFileReference; lastKnownFileType = sourcecode.swift; path = WeatherModel.swift; sourceTree = "<group>"; };
		E4156972260481E4006C5656 /* WeatherManager.swift */ = {isa = PBXFileReference; lastKnownFileType = sourcecode.swift; path = WeatherManager.swift; sourceTree = "<group>"; };
		E4ED24932603385500CC7A6D /* weather.app */ = {isa = PBXFileReference; explicitFileType = wrapper.application; includeInIndex = 0; path = weather.app; sourceTree = BUILT_PRODUCTS_DIR; };
		E4ED24962603385500CC7A6D /* AppDelegate.swift */ = {isa = PBXFileReference; lastKnownFileType = sourcecode.swift; path = AppDelegate.swift; sourceTree = "<group>"; };
		E4ED24982603385500CC7A6D /* SceneDelegate.swift */ = {isa = PBXFileReference; lastKnownFileType = sourcecode.swift; path = SceneDelegate.swift; sourceTree = "<group>"; };
		E4ED249A2603385500CC7A6D /* WeatherViewController.swift */ = {isa = PBXFileReference; lastKnownFileType = sourcecode.swift; path = WeatherViewController.swift; sourceTree = "<group>"; };
		E4ED249D2603385500CC7A6D /* Base */ = {isa = PBXFileReference; lastKnownFileType = file.storyboard; name = Base; path = Base.lproj/Main.storyboard; sourceTree = "<group>"; };
		E4ED249F2603385600CC7A6D /* Assets.xcassets */ = {isa = PBXFileReference; lastKnownFileType = folder.assetcatalog; path = Assets.xcassets; sourceTree = "<group>"; };
		E4ED24A22603385600CC7A6D /* Base */ = {isa = PBXFileReference; lastKnownFileType = file.storyboard; name = Base; path = Base.lproj/LaunchScreen.storyboard; sourceTree = "<group>"; };
		E4ED24A42603385600CC7A6D /* Info.plist */ = {isa = PBXFileReference; lastKnownFileType = text.plist.xml; path = Info.plist; sourceTree = "<group>"; };
/* End PBXFileReference section */

/* Begin PBXFrameworksBuildPhase section */
		E4ED24902603385500CC7A6D /* Frameworks */ = {
			isa = PBXFrameworksBuildPhase;
			buildActionMask = 2147483647;
			files = (
			);
			runOnlyForDeploymentPostprocessing = 0;
		};
/* End PBXFrameworksBuildPhase section */

/* Begin PBXGroup section */
		E4ED248A2603385500CC7A6D = {
			isa = PBXGroup;
			children = (
				E4ED24952603385500CC7A6D /* weather */,
				E4ED24942603385500CC7A6D /* Products */,
			);
			sourceTree = "<group>";
		};
		E4ED24942603385500CC7A6D /* Products */ = {
			isa = PBXGroup;
			children = (
				E4ED24932603385500CC7A6D /* weather.app */,
			);
			name = Products;
			sourceTree = "<group>";
		};
		E4ED24952603385500CC7A6D /* weather */ = {
			isa = PBXGroup;
			children = (
				E4ED24962603385500CC7A6D /* AppDelegate.swift */,
				E4ED24982603385500CC7A6D /* SceneDelegate.swift */,
				48825DBC268AA9BB00DE5C21 /* Constant.swift */,
				E4ED24CC2603388600CC7A6D /* model */,
				E4ED24CB2603387F00CC7A6D /* controller */,
				E4ED24CA2603387700CC7A6D /* view */,
				E4ED249F2603385600CC7A6D /* Assets.xcassets */,
				E4ED24A12603385600CC7A6D /* LaunchScreen.storyboard */,
				E4ED24A42603385600CC7A6D /* Info.plist */,
			);
			path = weather;
			sourceTree = "<group>";
		};
		E4ED24CA2603387700CC7A6D /* view */ = {
			isa = PBXGroup;
			children = (
				E4ED249C2603385500CC7A6D /* Main.storyboard */,
			);
			path = view;
			sourceTree = "<group>";
		};
		E4ED24CB2603387F00CC7A6D /* controller */ = {
			isa = PBXGroup;
			children = (
				E4ED249A2603385500CC7A6D /* WeatherViewController.swift */,
			);
			path = controller;
			sourceTree = "<group>";
		};
		E4ED24CC2603388600CC7A6D /* model */ = {
			isa = PBXGroup;
			children = (
				E4156972260481E4006C5656 /* WeatherManager.swift */,
				489587D4263FD05100C025A0 /* WeatherData.swift */,
				489587D72640140D00C025A0 /* WeatherModel.swift */,
			);
			path = model;
			sourceTree = "<group>";
		};
/* End PBXGroup section */

/* Begin PBXNativeTarget section */
		E4ED24922603385500CC7A6D /* weather */ = {
			isa = PBXNativeTarget;
			buildConfigurationList = E4ED24BD2603385600CC7A6D /* Build configuration list for PBXNativeTarget "weather" */;
			buildPhases = (
				E4ED248F2603385500CC7A6D /* Sources */,
				E4ED24902603385500CC7A6D /* Frameworks */,
				E4ED24912603385500CC7A6D /* Resources */,
			);
			buildRules = (
			);
			dependencies = (
			);
			name = weather;
			productName = weather;
			productReference = E4ED24932603385500CC7A6D /* weather.app */;
			productType = "com.apple.product-type.application";
		};
/* End PBXNativeTarget section */

/* Begin PBXProject section */
		E4ED248B2603385500CC7A6D /* Project object */ = {
			isa = PBXProject;
			attributes = {
				LastSwiftUpdateCheck = 1220;
				LastUpgradeCheck = 1220;
				TargetAttributes = {
					E4ED24922603385500CC7A6D = {
						CreatedOnToolsVersion = 12.2;
					};
				};
			};
			buildConfigurationList = E4ED248E2603385500CC7A6D /* Build configuration list for PBXProject "weather" */;
			compatibilityVersion = "Xcode 9.3";
			developmentRegion = en;
			hasScannedForEncodings = 0;
			knownRegions = (
				en,
				Base,
			);
			mainGroup = E4ED248A2603385500CC7A6D;
			productRefGroup = E4ED24942603385500CC7A6D /* Products */;
			projectDirPath = "";
			projectRoot = "";
			targets = (
				E4ED24922603385500CC7A6D /* weather */,
			);
		};
/* End PBXProject section */

/* Begin PBXResourcesBuildPhase section */
		E4ED24912603385500CC7A6D /* Resources */ = {
			isa = PBXResourcesBuildPhase;
			buildActionMask = 2147483647;
			files = (
				E4ED24A32603385600CC7A6D /* LaunchScreen.storyboard in Resources */,
				E4ED24A02603385600CC7A6D /* Assets.xcassets in Resources */,
				E4ED249E2603385500CC7A6D /* Main.storyboard in Resources */,
			);
			runOnlyForDeploymentPostprocessing = 0;
		};
/* End PBXResourcesBuildPhase section */

/* Begin PBXSourcesBuildPhase section */
		E4ED248F2603385500CC7A6D /* Sources */ = {
			isa = PBXSourcesBuildPhase;
			buildActionMask = 2147483647;
			files = (
				48825DBD268AA9BB00DE5C21 /* Constant.swift in Sources */,
				E4ED249B2603385500CC7A6D /* WeatherViewController.swift in Sources */,
				489587D5263FD05100C025A0 /* WeatherData.swift in Sources */,
				E4ED24972603385500CC7A6D /* AppDelegate.swift in Sources */,
				E4156973260481E4006C5656 /* WeatherManager.swift in Sources */,
				489587D82640140D00C025A0 /* WeatherModel.swift in Sources */,
				E4ED24992603385500CC7A6D /* SceneDelegate.swift in Sources */,
			);
			runOnlyForDeploymentPostprocessing = 0;
		};
/* End PBXSourcesBuildPhase section */

/* Begin PBXVariantGroup section */
		E4ED249C2603385500CC7A6D /* Main.storyboard */ = {
			isa = PBXVariantGroup;
			children = (
				E4ED249D2603385500CC7A6D /* Base */,
			);
			name = Main.storyboard;
			sourceTree = "<group>";
		};
		E4ED24A12603385600CC7A6D /* LaunchScreen.storyboard */ = {
			isa = PBXVariantGroup;
			children = (
				E4ED24A22603385600CC7A6D /* Base */,
			);
			name = LaunchScreen.storyboard;
			sourceTree = "<group>";
		};
/* End PBXVariantGroup section */

/* Begin XCBuildConfiguration section */
		E4ED24BB2603385600CC7A6D /* Debug */ = {
			isa = XCBuildConfiguration;
			buildSettings = {
				ALWAYS_SEARCH_USER_PATHS = NO;
				CLANG_ANALYZER_NONNULL = YES;
				CLANG_ANALYZER_NUMBER_OBJECT_CONVERSION = YES_AGGRESSIVE;
				CLANG_CXX_LANGUAGE_STANDARD = "gnu++14";
				CLANG_CXX_LIBRARY = "libc++";
				CLANG_ENABLE_MODULES = YES;
				CLANG_ENABLE_OBJC_ARC = YES;
				CLANG_ENABLE_OBJC_WEAK = YES;
				CLANG_WARN_BLOCK_CAPTURE_AUTORELEASING = YES;
				CLANG_WARN_BOOL_CONVERSION = YES;
				CLANG_WARN_COMMA = YES;
				CLANG_WARN_CONSTANT_CONVERSION = YES;
				CLANG_WARN_DEPRECATED_OBJC_IMPLEMENTATIONS = YES;
				CLANG_WARN_DIRECT_OBJC_ISA_USAGE = YES_ERROR;
				CLANG_WARN_DOCUMENTATION_COMMENTS = YES;
				CLANG_WARN_EMPTY_BODY = YES;
				CLANG_WARN_ENUM_CONVERSION = YES;
				CLANG_WARN_INFINITE_RECURSION = YES;
				CLANG_WARN_INT_CONVERSION = YES;
				CLANG_WARN_NON_LITERAL_NULL_CONVERSION = YES;
				CLANG_WARN_OBJC_IMPLICIT_RETAIN_SELF = YES;
				CLANG_WARN_OBJC_LITERAL_CONVERSION = YES;
				CLANG_WARN_OBJC_ROOT_CLASS = YES_ERROR;
				CLANG_WARN_QUOTED_INCLUDE_IN_FRAMEWORK_HEADER = YES;
				CLANG_WARN_RANGE_LOOP_ANALYSIS = YES;
				CLANG_WARN_STRICT_PROTOTYPES = YES;
				CLANG_WARN_SUSPICIOUS_MOVE = YES;
				CLANG_WARN_UNGUARDED_AVAILABILITY = YES_AGGRESSIVE;
				CLANG_WARN_UNREACHABLE_CODE = YES;
				CLANG_WARN__DUPLICATE_METHOD_MATCH = YES;
				COPY_PHASE_STRIP = NO;
				DEBUG_INFORMATION_FORMAT = dwarf;
				ENABLE_STRICT_OBJC_MSGSEND = YES;
				ENABLE_TESTABILITY = YES;
				GCC_C_LANGUAGE_STANDARD = gnu11;
				GCC_DYNAMIC_NO_PIC = NO;
				GCC_NO_COMMON_BLOCKS = YES;
				GCC_OPTIMIZATION_LEVEL = 0;
				GCC_PREPROCESSOR_DEFINITIONS = (
					"DEBUG=1",
					"$(inherited)",
				);
				GCC_WARN_64_TO_32_BIT_CONVERSION = YES;
				GCC_WARN_ABOUT_RETURN_TYPE = YES_ERROR;
				GCC_WARN_UNDECLARED_SELECTOR = YES;
				GCC_WARN_UNINITIALIZED_AUTOS = YES_AGGRESSIVE;
				GCC_WARN_UNUSED_FUNCTION = YES;
				GCC_WARN_UNUSED_VARIABLE = YES;
				IPHONEOS_DEPLOYMENT_TARGET = 14.2;
				MTL_ENABLE_DEBUG_INFO = INCLUDE_SOURCE;
				MTL_FAST_MATH = YES;
				ONLY_ACTIVE_ARCH = YES;
				SDKROOT = iphoneos;
				SWIFT_ACTIVE_COMPILATION_CONDITIONS = DEBUG;
				SWIFT_OPTIMIZATION_LEVEL = "-Onone";
			};
			name = Debug;
		};
		E4ED24BC2603385600CC7A6D /* Release */ = {
			isa = XCBuildConfiguration;
			buildSettings = {
				ALWAYS_SEARCH_USER_PATHS = NO;
				CLANG_ANALYZER_NONNULL = YES;
				CLANG_ANALYZER_NUMBER_OBJECT_CONVERSION = YES_AGGRESSIVE;
				CLANG_CXX_LANGUAGE_STANDARD = "gnu++14";
				CLANG_CXX_LIBRARY = "libc++";
				CLANG_ENABLE_MODULES = YES;
				CLANG_ENABLE_OBJC_ARC = YES;
				CLANG_ENABLE_OBJC_WEAK = YES;
				CLANG_WARN_BLOCK_CAPTURE_AUTORELEASING = YES;
				CLANG_WARN_BOOL_CONVERSION = YES;
				CLANG_WARN_COMMA = YES;
				CLANG_WARN_CONSTANT_CONVERSION = YES;
				CLANG_WARN_DEPRECATED_OBJC_IMPLEMENTATIONS = YES;
				CLANG_WARN_DIRECT_OBJC_ISA_USAGE = YES_ERROR;
				CLANG_WARN_DOCUMENTATION_COMMENTS = YES;
				CLANG_WARN_EMPTY_BODY = YES;
				CLANG_WARN_ENUM_CONVERSION = YES;
				CLANG_WARN_INFINITE_RECURSION = YES;
				CLANG_WARN_INT_CONVERSION = YES;
				CLANG_WARN_NON_LITERAL_NULL_CONVERSION = YES;
				CLANG_WARN_OBJC_IMPLICIT_RETAIN_SELF = YES;
				CLANG_WARN_OBJC_LITERAL_CONVERSION = YES;
				CLANG_WARN_OBJC_ROOT_CLASS = YES_ERROR;
				CLANG_WARN_QUOTED_INCLUDE_IN_FRAMEWORK_HEADER = YES;
				CLANG_WARN_RANGE_LOOP_ANALYSIS = YES;
				CLANG_WARN_STRICT_PROTOTYPES = YES;
				CLANG_WARN_SUSPICIOUS_MOVE = YES;
				CLANG_WARN_UNGUARDED_AVAILABILITY = YES_AGGRESSIVE;
				CLANG_WARN_UNREACHABLE_CODE = YES;
				CLANG_WARN__DUPLICATE_METHOD_MATCH = YES;
				COPY_PHASE_STRIP = NO;
				DEBUG_INFORMATION_FORMAT = "dwarf-with-dsym";
				ENABLE_NS_ASSERTIONS = NO;
				ENABLE_STRICT_OBJC_MSGSEND = YES;
				GCC_C_LANGUAGE_STANDARD = gnu11;
				GCC_NO_COMMON_BLOCKS = YES;
				GCC_WARN_64_TO_32_BIT_CONVERSION = YES;
				GCC_WARN_ABOUT_RETURN_TYPE = YES_ERROR;
				GCC_WARN_UNDECLARED_SELECTOR = YES;
				GCC_WARN_UNINITIALIZED_AUTOS = YES_AGGRESSIVE;
				GCC_WARN_UNUSED_FUNCTION = YES;
				GCC_WARN_UNUSED_VARIABLE = YES;
				IPHONEOS_DEPLOYMENT_TARGET = 14.2;
				MTL_ENABLE_DEBUG_INFO = NO;
				MTL_FAST_MATH = YES;
				SDKROOT = iphoneos;
				SWIFT_COMPILATION_MODE = wholemodule;
				SWIFT_OPTIMIZATION_LEVEL = "-O";
				VALIDATE_PRODUCT = YES;
			};
			name = Release;
		};
		E4ED24BE2603385600CC7A6D /* Debug */ = {
			isa = XCBuildConfiguration;
			buildSettings = {
				ASSETCATALOG_COMPILER_APPICON_NAME = AppIcon;
				ASSETCATALOG_COMPILER_GLOBAL_ACCENT_COLOR_NAME = AccentColor;
				CODE_SIGN_STYLE = Automatic;
				INFOPLIST_FILE = weather/Info.plist;
				LD_RUNPATH_SEARCH_PATHS = (
					"$(inherited)",
					"@executable_path/Frameworks",
				);
				PRODUCT_BUNDLE_IDENTIFIER = guhan.weather;
				PRODUCT_NAME = "$(TARGET_NAME)";
				SWIFT_VERSION = 5.0;
				TARGETED_DEVICE_FAMILY = "1,2";
			};
			name = Debug;
		};
		E4ED24BF2603385600CC7A6D /* Release */ = {
			isa = XCBuildConfiguration;
			buildSettings = {
				ASSETCATALOG_COMPILER_APPICON_NAME = AppIcon;
				ASSETCATALOG_COMPILER_GLOBAL_ACCENT_COLOR_NAME = AccentColor;
				CODE_SIGN_STYLE = Automatic;
				INFOPLIST_FILE = weather/Info.plist;
				LD_RUNPATH_SEARCH_PATHS = (
					"$(inherited)",
					"@executable_path/Frameworks",
				);
				PRODUCT_BUNDLE_IDENTIFIER = guhan.weather;
				PRODUCT_NAME = "$(TARGET_NAME)";
				SWIFT_VERSION = 5.0;
				TARGETED_DEVICE_FAMILY = "1,2";
			};
			name = Release;
		};
/* End XCBuildConfiguration section */

/* Begin XCConfigurationList section */
		E4ED248E2603385500CC7A6D /* Build configuration list for PBXProject "weather" */ = {
			isa = XCConfigurationList;
			buildConfigurations = (
				E4ED24BB2603385600CC7A6D /* Debug */,
				E4ED24BC2603385600CC7A6D /* Release */,
			);
			defaultConfigurationIsVisible = 0;
			defaultConfigurationName = Release;
		};
		E4ED24BD2603385600CC7A6D /* Build configuration list for PBXNativeTarget "weather" */ = {
			isa = XCConfigurationList;
			buildConfigurations = (
				E4ED24BE2603385600CC7A6D /* Debug */,
				E4ED24BF2603385600CC7A6D /* Release */,
			);
			defaultConfigurationIsVisible = 0;
			defaultConfigurationName = Release;
		};
/* End XCConfigurationList section */
	};
	rootObject = E4ED248B2603385500CC7A6D /* Project object */;
}
