// !$*UTF8*$!
{
	archiveVersion = 1;
	classes = {
	};
	objectVersion = 50;
	objects = {

/* Begin PBXBuildFile section */
		E4ED24972603385500CC7A6D /* AppDelegate.swift in Sources */ = {isa = PBXBuildFile; fileRef = E4ED24962603385500CC7A6D /* AppDelegate.swift */; };
		E4ED24992603385500CC7A6D /* SceneDelegate.swift in Sources */ = {isa = PBXBuildFile; fileRef = E4ED24982603385500CC7A6D /* SceneDelegate.swift */; };
		E4ED249B2603385500CC7A6D /* ViewController.swift in Sources */ = {isa = PBXBuildFile; fileRef = E4ED249A2603385500CC7A6D /* ViewController.swift */; };
		E4ED249E2603385500CC7A6D /* Main.storyboard in Resources */ = {isa = PBXBuildFile; fileRef = E4ED249C2603385500CC7A6D /* Main.storyboard */; };
		E4ED24A02603385600CC7A6D /* Assets.xcassets in Resources */ = {isa = PBXBuildFile; fileRef = E4ED249F2603385600CC7A6D /* Assets.xcassets */; };
		E4ED24A32603385600CC7A6D /* LaunchScreen.storyboard in Resources */ = {isa = PBXBuildFile; fileRef = E4ED24A12603385600CC7A6D /* LaunchScreen.storyboard */; };
		E4ED24AE2603385600CC7A6D /* weatherTests.swift in Sources */ = {isa = PBXBuildFile; fileRef = E4ED24AD2603385600CC7A6D /* weatherTests.swift */; };
		E4ED24B92603385600CC7A6D /* weatherUITests.swift in Sources */ = {isa = PBXBuildFile; fileRef = E4ED24B82603385600CC7A6D /* weatherUITests.swift */; };
/* End PBXBuildFile section */

/* Begin PBXContainerItemProxy section */
		E4ED24AA2603385600CC7A6D /* PBXContainerItemProxy */ = {
			isa = PBXContainerItemProxy;
			containerPortal = E4ED248B2603385500CC7A6D /* Project object */;
			proxyType = 1;
			remoteGlobalIDString = E4ED24922603385500CC7A6D;
			remoteInfo = weather;
		};
		E4ED24B52603385600CC7A6D /* PBXContainerItemProxy */ = {
			isa = PBXContainerItemProxy;
			containerPortal = E4ED248B2603385500CC7A6D /* Project object */;
			proxyType = 1;
			remoteGlobalIDString = E4ED24922603385500CC7A6D;
			remoteInfo = weather;
		};
/* End PBXContainerItemProxy section */

/* Begin PBXFileReference section */
		E4ED24932603385500CC7A6D /* weather.app */ = {isa = PBXFileReference; explicitFileType = wrapper.application; includeInIndex = 0; path = weather.app; sourceTree = BUILT_PRODUCTS_DIR; };
		E4ED24962603385500CC7A6D /* AppDelegate.swift */ = {isa = PBXFileReference; lastKnownFileType = sourcecode.swift; path = AppDelegate.swift; sourceTree = "<group>"; };
		E4ED24982603385500CC7A6D /* SceneDelegate.swift */ = {isa = PBXFileReference; lastKnownFileType = sourcecode.swift; path = SceneDelegate.swift; sourceTree = "<group>"; };
		E4ED249A2603385500CC7A6D /* ViewController.swift */ = {isa = PBXFileReference; lastKnownFileType = sourcecode.swift; path = ViewController.swift; sourceTree = "<group>"; };
		E4ED249D2603385500CC7A6D /* Base */ = {isa = PBXFileReference; lastKnownFileType = file.storyboard; name = Base; path = Base.lproj/Main.storyboard; sourceTree = "<group>"; };
		E4ED249F2603385600CC7A6D /* Assets.xcassets */ = {isa = PBXFileReference; lastKnownFileType = folder.assetcatalog; path = Assets.xcassets; sourceTree = "<group>"; };
		E4ED24A22603385600CC7A6D /* Base */ = {isa = PBXFileReference; lastKnownFileType = file.storyboard; name = Base; path = Base.lproj/LaunchScreen.storyboard; sourceTree = "<group>"; };
		E4ED24A42603385600CC7A6D /* Info.plist */ = {isa = PBXFileReference; lastKnownFileType = text.plist.xml; path = Info.plist; sourceTree = "<group>"; };
		E4ED24A92603385600CC7A6D /* weatherTests.xctest */ = {isa = PBXFileReference; explicitFileType = wrapper.cfbundle; includeInIndex = 0; path = weatherTests.xctest; sourceTree = BUILT_PRODUCTS_DIR; };
		E4ED24AD2603385600CC7A6D /* weatherTests.swift */ = {isa = PBXFileReference; lastKnownFileType = sourcecode.swift; path = weatherTests.swift; sourceTree = "<group>"; };
		E4ED24AF2603385600CC7A6D /* Info.plist */ = {isa = PBXFileReference; lastKnownFileType = text.plist.xml; path = Info.plist; sourceTree = "<group>"; };
		E4ED24B42603385600CC7A6D /* weatherUITests.xctest */ = {isa = PBXFileReference; explicitFileType = wrapper.cfbundle; includeInIndex = 0; path = weatherUITests.xctest; sourceTree = BUILT_PRODUCTS_DIR; };
		E4ED24B82603385600CC7A6D /* weatherUITests.swift */ = {isa = PBXFileReference; lastKnownFileType = sourcecode.swift; path = weatherUITests.swift; sourceTree = "<group>"; };
		E4ED24BA2603385600CC7A6D /* Info.plist */ = {isa = PBXFileReference; lastKnownFileType = text.plist.xml; path = Info.plist; sourceTree = "<group>"; };
/* End PBXFileReference section */

/* Begin PBXFrameworksBuildPhase section */
		E4ED24902603385500CC7A6D /* Frameworks */ = {
			isa = PBXFrameworksBuildPhase;
			buildActionMask = 2147483647;
			files = (
			);
			runOnlyForDeploymentPostprocessing = 0;
		};
		E4ED24A62603385600CC7A6D /* Frameworks */ = {
			isa = PBXFrameworksBuildPhase;
			buildActionMask = 2147483647;
			files = (
			);
			runOnlyForDeploymentPostprocessing = 0;
		};
		E4ED24B12603385600CC7A6D /* Frameworks */ = {
			isa = PBXFrameworksBuildPhase;
			buildActionMask = 2147483647;
			files = (
			);
			runOnlyForDeploymentPostprocessing = 0;
		};
/* End PBXFrameworksBuildPhase section */

/* Begin PBXGroup section */
		E4ED248A2603385500CC7A6D = {
			isa = PBXGroup;
			children = (
				E4ED24952603385500CC7A6D /* weather */,
				E4ED24AC2603385600CC7A6D /* weatherTests */,
				E4ED24B72603385600CC7A6D /* weatherUITests */,
				E4ED24942603385500CC7A6D /* Products */,
			);
			sourceTree = "<group>";
		};
		E4ED24942603385500CC7A6D /* Products */ = {
			isa = PBXGroup;
			children = (
				E4ED24932603385500CC7A6D /* weather.app */,
				E4ED24A92603385600CC7A6D /* weatherTests.xctest */,
				E4ED24B42603385600CC7A6D /* weatherUITests.xctest */,
			);
			name = Products;
			sourceTree = "<group>";
		};
		E4ED24952603385500CC7A6D /* weather */ = {
			isa = PBXGroup;
			children = (
				E4ED24962603385500CC7A6D /* AppDelegate.swift */,
				E4ED24982603385500CC7A6D /* SceneDelegate.swift */,
				E4ED249A2603385500CC7A6D /* ViewController.swift */,
				E4ED249C2603385500CC7A6D /* Main.storyboard */,
				E4ED249F2603385600CC7A6D /* Assets.xcassets */,
				E4ED24A12603385600CC7A6D /* LaunchScreen.storyboard */,
				E4ED24A42603385600CC7A6D /* Info.plist */,
			);
			path = weather;
			sourceTree = "<group>";
		};
		E4ED24AC2603385600CC7A6D /* weatherTests */ = {
			isa = PBXGroup;
			children = (
				E4ED24AD2603385600CC7A6D /* weatherTests.swift */,
				E4ED24AF2603385600CC7A6D /* Info.plist */,
			);
			path = weatherTests;
			sourceTree = "<group>";
		};
		E4ED24B72603385600CC7A6D /* weatherUITests */ = {
			isa = PBXGroup;
			children = (
				E4ED24B82603385600CC7A6D /* weatherUITests.swift */,
				E4ED24BA2603385600CC7A6D /* Info.plist */,
			);
			path = weatherUITests;
			sourceTree = "<group>";
		};
/* End PBXGroup section */

/* Begin PBXNativeTarget section */
		E4ED24922603385500CC7A6D /* weather */ = {
			isa = PBXNativeTarget;
			buildConfigurationList = E4ED24BD2603385600CC7A6D /* Build configuration list for PBXNativeTarget "weather" */;
			buildPhases = (
				E4ED248F2603385500CC7A6D /* Sources */,
				E4ED24902603385500CC7A6D /* Frameworks */,
				E4ED24912603385500CC7A6D /* Resources */,
			);
			buildRules = (
			);
			dependencies = (
			);
			name = weather;
			productName = weather;
			productReference = E4ED24932603385500CC7A6D /* weather.app */;
			productType = "com.apple.product-type.application";
		};
		E4ED24A82603385600CC7A6D /* weatherTests */ = {
			isa = PBXNativeTarget;
			buildConfigurationList = E4ED24C02603385600CC7A6D /* Build configuration list for PBXNativeTarget "weatherTests" */;
			buildPhases = (
				E4ED24A52603385600CC7A6D /* Sources */,
				E4ED24A62603385600CC7A6D /* Frameworks */,
				E4ED24A72603385600CC7A6D /* Resources */,
			);
			buildRules = (
			);
			dependencies = (
				E4ED24AB2603385600CC7A6D /* PBXTargetDependency */,
			);
			name = weatherTests;
			productName = weatherTests;
			productReference = E4ED24A92603385600CC7A6D /* weatherTests.xctest */;
			productType = "com.apple.product-type.bundle.unit-test";
		};
		E4ED24B32603385600CC7A6D /* weatherUITests */ = {
			isa = PBXNativeTarget;
			buildConfigurationList = E4ED24C32603385600CC7A6D /* Build configuration list for PBXNativeTarget "weatherUITests" */;
			buildPhases = (
				E4ED24B02603385600CC7A6D /* Sources */,
				E4ED24B12603385600CC7A6D /* Frameworks */,
				E4ED24B22603385600CC7A6D /* Resources */,
			);
			buildRules = (
			);
			dependencies = (
				E4ED24B62603385600CC7A6D /* PBXTargetDependency */,
			);
			name = weatherUITests;
			productName = weatherUITests;
			productReference = E4ED24B42603385600CC7A6D /* weatherUITests.xctest */;
			productType = "com.apple.product-type.bundle.ui-testing";
		};
/* End PBXNativeTarget section */

/* Begin PBXProject section */
		E4ED248B2603385500CC7A6D /* Project object */ = {
			isa = PBXProject;
			attributes = {
				LastSwiftUpdateCheck = 1220;
				LastUpgradeCheck = 1220;
				TargetAttributes = {
					E4ED24922603385500CC7A6D = {
						CreatedOnToolsVersion = 12.2;
					};
					E4ED24A82603385600CC7A6D = {
						CreatedOnToolsVersion = 12.2;
						TestTargetID = E4ED24922603385500CC7A6D;
					};
					E4ED24B32603385600CC7A6D = {
						CreatedOnToolsVersion = 12.2;
						TestTargetID = E4ED24922603385500CC7A6D;
					};
				};
			};
			buildConfigurationList = E4ED248E2603385500CC7A6D /* Build configuration list for PBXProject "weather" */;
			compatibilityVersion = "Xcode 9.3";
			developmentRegion = en;
			hasScannedForEncodings = 0;
			knownRegions = (
				en,
				Base,
			);
			mainGroup = E4ED248A2603385500CC7A6D;
			productRefGroup = E4ED24942603385500CC7A6D /* Products */;
			projectDirPath = "";
			projectRoot = "";
			targets = (
				E4ED24922603385500CC7A6D /* weather */,
				E4ED24A82603385600CC7A6D /* weatherTests */,
				E4ED24B32603385600CC7A6D /* weatherUITests */,
			);
		};
/* End PBXProject section */

/* Begin PBXResourcesBuildPhase section */
		E4ED24912603385500CC7A6D /* Resources */ = {
			isa = PBXResourcesBuildPhase;
			buildActionMask = 2147483647;
			files = (
				E4ED24A32603385600CC7A6D /* LaunchScreen.storyboard in Resources */,
				E4ED24A02603385600CC7A6D /* Assets.xcassets in Resources */,
				E4ED249E2603385500CC7A6D /* Main.storyboard in Resources */,
			);
			runOnlyForDeploymentPostprocessing = 0;
		};
		E4ED24A72603385600CC7A6D /* Resources */ = {
			isa = PBXResourcesBuildPhase;
			buildActionMask = 2147483647;
			files = (
			);
			runOnlyForDeploymentPostprocessing = 0;
		};
		E4ED24B22603385600CC7A6D /* Resources */ = {
			isa = PBXResourcesBuildPhase;
			buildActionMask = 2147483647;
			files = (
			);
			runOnlyForDeploymentPostprocessing = 0;
		};
/* End PBXResourcesBuildPhase section */

/* Begin PBXSourcesBuildPhase section */
		E4ED248F2603385500CC7A6D /* Sources */ = {
			isa = PBXSourcesBuildPhase;
			buildActionMask = 2147483647;
			files = (
				E4ED249B2603385500CC7A6D /* ViewController.swift in Sources */,
				E4ED24972603385500CC7A6D /* AppDelegate.swift in Sources */,
				E4ED24992603385500CC7A6D /* SceneDelegate.swift in Sources */,
			);
			runOnlyForDeploymentPostprocessing = 0;
		};
		E4ED24A52603385600CC7A6D /* Sources */ = {
			isa = PBXSourcesBuildPhase;
			buildActionMask = 2147483647;
			files = (
				E4ED24AE2603385600CC7A6D /* weatherTests.swift in Sources */,
			);
			runOnlyForDeploymentPostprocessing = 0;
		};
		E4ED24B02603385600CC7A6D /* Sources */ = {
			isa = PBXSourcesBuildPhase;
			buildActionMask = 2147483647;
			files = (
				E4ED24B92603385600CC7A6D /* weatherUITests.swift in Sources */,
			);
			runOnlyForDeploymentPostprocessing = 0;
		};
/* End PBXSourcesBuildPhase section */

/* Begin PBXTargetDependency section */
		E4ED24AB2603385600CC7A6D /* PBXTargetDependency */ = {
			isa = PBXTargetDependency;
			target = E4ED24922603385500CC7A6D /* weather */;
			targetProxy = E4ED24AA2603385600CC7A6D /* PBXContainerItemProxy */;
		};
		E4ED24B62603385600CC7A6D /* PBXTargetDependency */ = {
			isa = PBXTargetDependency;
			target = E4ED24922603385500CC7A6D /* weather */;
			targetProxy = E4ED24B52603385600CC7A6D /* PBXContainerItemProxy */;
		};
/* End PBXTargetDependency section */

/* Begin PBXVariantGroup section */
		E4ED249C2603385500CC7A6D /* Main.storyboard */ = {
			isa = PBXVariantGroup;
			children = (
				E4ED249D2603385500CC7A6D /* Base */,
			);
			name = Main.storyboard;
			sourceTree = "<group>";
		};
		E4ED24A12603385600CC7A6D /* LaunchScreen.storyboard */ = {
			isa = PBXVariantGroup;
			children = (
				E4ED24A22603385600CC7A6D /* Base */,
			);
			name = LaunchScreen.storyboard;
			sourceTree = "<group>";
		};
/* End PBXVariantGroup section */

/* Begin XCBuildConfiguration section */
		E4ED24BB2603385600CC7A6D /* Debug */ = {
			isa = XCBuildConfiguration;
			buildSettings = {
				ALWAYS_SEARCH_USER_PATHS = NO;
				CLANG_ANALYZER_NONNULL = YES;
				CLANG_ANALYZER_NUMBER_OBJECT_CONVERSION = YES_AGGRESSIVE;
				CLANG_CXX_LANGUAGE_STANDARD = "gnu++14";
				CLANG_CXX_LIBRARY = "libc++";
				CLANG_ENABLE_MODULES = YES;
				CLANG_ENABLE_OBJC_ARC = YES;
				CLANG_ENABLE_OBJC_WEAK = YES;
				CLANG_WARN_BLOCK_CAPTURE_AUTORELEASING = YES;
				CLANG_WARN_BOOL_CONVERSION = YES;
				CLANG_WARN_COMMA = YES;
				CLANG_WARN_CONSTANT_CONVERSION = YES;
				CLANG_WARN_DEPRECATED_OBJC_IMPLEMENTATIONS = YES;
				CLANG_WARN_DIRECT_OBJC_ISA_USAGE = YES_ERROR;
				CLANG_WARN_DOCUMENTATION_COMMENTS = YES;
				CLANG_WARN_EMPTY_BODY = YES;
				CLANG_WARN_ENUM_CONVERSION = YES;
				CLANG_WARN_INFINITE_RECURSION = YES;
				CLANG_WARN_INT_CONVERSION = YES;
				CLANG_WARN_NON_LITERAL_NULL_CONVERSION = YES;
				CLANG_WARN_OBJC_IMPLICIT_RETAIN_SELF = YES;
				CLANG_WARN_OBJC_LITERAL_CONVERSION = YES;
				CLANG_WARN_OBJC_ROOT_CLASS = YES_ERROR;
				CLANG_WARN_QUOTED_INCLUDE_IN_FRAMEWORK_HEADER = YES;
				CLANG_WARN_RANGE_LOOP_ANALYSIS = YES;
				CLANG_WARN_STRICT_PROTOTYPES = YES;
				CLANG_WARN_SUSPICIOUS_MOVE = YES;
				CLANG_WARN_UNGUARDED_AVAILABILITY = YES_AGGRESSIVE;
				CLANG_WARN_UNREACHABLE_CODE = YES;
				CLANG_WARN__DUPLICATE_METHOD_MATCH = YES;
				COPY_PHASE_STRIP = NO;
				DEBUG_INFORMATION_FORMAT = dwarf;
				ENABLE_STRICT_OBJC_MSGSEND = YES;
				ENABLE_TESTABILITY = YES;
				GCC_C_LANGUAGE_STANDARD = gnu11;
				GCC_DYNAMIC_NO_PIC = NO;
				GCC_NO_COMMON_BLOCKS = YES;
				GCC_OPTIMIZATION_LEVEL = 0;
				GCC_PREPROCESSOR_DEFINITIONS = (
					"DEBUG=1",
					"$(inherited)",
				);
				GCC_WARN_64_TO_32_BIT_CONVERSION = YES;
				GCC_WARN_ABOUT_RETURN_TYPE = YES_ERROR;
				GCC_WARN_UNDECLARED_SELECTOR = YES;
				GCC_WARN_UNINITIALIZED_AUTOS = YES_AGGRESSIVE;
				GCC_WARN_UNUSED_FUNCTION = YES;
				GCC_WARN_UNUSED_VARIABLE = YES;
				IPHONEOS_DEPLOYMENT_TARGET = 14.2;
				MTL_ENABLE_DEBUG_INFO = INCLUDE_SOURCE;
				MTL_FAST_MATH = YES;
				ONLY_ACTIVE_ARCH = YES;
				SDKROOT = iphoneos;
				SWIFT_ACTIVE_COMPILATION_CONDITIONS = DEBUG;
				SWIFT_OPTIMIZATION_LEVEL = "-Onone";
			};
			name = Debug;
		};
		E4ED24BC2603385600CC7A6D /* Release */ = {
			isa = XCBuildConfiguration;
			buildSettings = {
				ALWAYS_SEARCH_USER_PATHS = NO;
				CLANG_ANALYZER_NONNULL = YES;
				CLANG_ANALYZER_NUMBER_OBJECT_CONVERSION = YES_AGGRESSIVE;
				CLANG_CXX_LANGUAGE_STANDARD = "gnu++14";
				CLANG_CXX_LIBRARY = "libc++";
				CLANG_ENABLE_MODULES = YES;
				CLANG_ENABLE_OBJC_ARC = YES;
				CLANG_ENABLE_OBJC_WEAK = YES;
				CLANG_WARN_BLOCK_CAPTURE_AUTORELEASING = YES;
				CLANG_WARN_BOOL_CONVERSION = YES;
				CLANG_WARN_COMMA = YES;
				CLANG_WARN_CONSTANT_CONVERSION = YES;
				CLANG_WARN_DEPRECATED_OBJC_IMPLEMENTATIONS = YES;
				CLANG_WARN_DIRECT_OBJC_ISA_USAGE = YES_ERROR;
				CLANG_WARN_DOCUMENTATION_COMMENTS = YES;
				CLANG_WARN_EMPTY_BODY = YES;
				CLANG_WARN_ENUM_CONVERSION = YES;
				CLANG_WARN_INFINITE_RECURSION = YES;
				CLANG_WARN_INT_CONVERSION = YES;
				CLANG_WARN_NON_LITERAL_NULL_CONVERSION = YES;
				CLANG_WARN_OBJC_IMPLICIT_RETAIN_SELF = YES;
				CLANG_WARN_OBJC_LITERAL_CONVERSION = YES;
				CLANG_WARN_OBJC_ROOT_CLASS = YES_ERROR;
				CLANG_WARN_QUOTED_INCLUDE_IN_FRAMEWORK_HEADER = YES;
				CLANG_WARN_RANGE_LOOP_ANALYSIS = YES;
				CLANG_WARN_STRICT_PROTOTYPES = YES;
				CLANG_WARN_SUSPICIOUS_MOVE = YES;
				CLANG_WARN_UNGUARDED_AVAILABILITY = YES_AGGRESSIVE;
				CLANG_WARN_UNREACHABLE_CODE = YES;
				CLANG_WARN__DUPLICATE_METHOD_MATCH = YES;
				COPY_PHASE_STRIP = NO;
				DEBUG_INFORMATION_FORMAT = "dwarf-with-dsym";
				ENABLE_NS_ASSERTIONS = NO;
				ENABLE_STRICT_OBJC_MSGSEND = YES;
				GCC_C_LANGUAGE_STANDARD = gnu11;
				GCC_NO_COMMON_BLOCKS = YES;
				GCC_WARN_64_TO_32_BIT_CONVERSION = YES;
				GCC_WARN_ABOUT_RETURN_TYPE = YES_ERROR;
				GCC_WARN_UNDECLARED_SELECTOR = YES;
				GCC_WARN_UNINITIALIZED_AUTOS = YES_AGGRESSIVE;
				GCC_WARN_UNUSED_FUNCTION = YES;
				GCC_WARN_UNUSED_VARIABLE = YES;
				IPHONEOS_DEPLOYMENT_TARGET = 14.2;
				MTL_ENABLE_DEBUG_INFO = NO;
				MTL_FAST_MATH = YES;
				SDKROOT = iphoneos;
				SWIFT_COMPILATION_MODE = wholemodule;
				SWIFT_OPTIMIZATION_LEVEL = "-O";
				VALIDATE_PRODUCT = YES;
			};
			name = Release;
		};
		E4ED24BE2603385600CC7A6D /* Debug */ = {
			isa = XCBuildConfiguration;
			buildSettings = {
				ASSETCATALOG_COMPILER_APPICON_NAME = AppIcon;
				ASSETCATALOG_COMPILER_GLOBAL_ACCENT_COLOR_NAME = AccentColor;
				CODE_SIGN_STYLE = Automatic;
				INFOPLIST_FILE = weather/Info.plist;
				LD_RUNPATH_SEARCH_PATHS = (
					"$(inherited)",
					"@executable_path/Frameworks",
				);
				PRODUCT_BUNDLE_IDENTIFIER = guhan.weather;
				PRODUCT_NAME = "$(TARGET_NAME)";
				SWIFT_VERSION = 5.0;
				TARGETED_DEVICE_FAMILY = "1,2";
			};
			name = Debug;
		};
		E4ED24BF2603385600CC7A6D /* Release */ = {
			isa = XCBuildConfiguration;
			buildSettings = {
				ASSETCATALOG_COMPILER_APPICON_NAME = AppIcon;
				ASSETCATALOG_COMPILER_GLOBAL_ACCENT_COLOR_NAME = AccentColor;
				CODE_SIGN_STYLE = Automatic;
				INFOPLIST_FILE = weather/Info.plist;
				LD_RUNPATH_SEARCH_PATHS = (
					"$(inherited)",
					"@executable_path/Frameworks",
				);
				PRODUCT_BUNDLE_IDENTIFIER = guhan.weather;
				PRODUCT_NAME = "$(TARGET_NAME)";
				SWIFT_VERSION = 5.0;
				TARGETED_DEVICE_FAMILY = "1,2";
			};
			name = Release;
		};
		E4ED24C12603385600CC7A6D /* Debug */ = {
			isa = XCBuildConfiguration;
			buildSettings = {
				ALWAYS_EMBED_SWIFT_STANDARD_LIBRARIES = YES;
				BUNDLE_LOADER = "$(TEST_HOST)";
				CODE_SIGN_STYLE = Automatic;
				INFOPLIST_FILE = weatherTests/Info.plist;
				IPHONEOS_DEPLOYMENT_TARGET = 14.2;
				LD_RUNPATH_SEARCH_PATHS = (
					"$(inherited)",
					"@executable_path/Frameworks",
					"@loader_path/Frameworks",
				);
				PRODUCT_BUNDLE_IDENTIFIER = guhan.weatherTests;
				PRODUCT_NAME = "$(TARGET_NAME)";
				SWIFT_VERSION = 5.0;
				TARGETED_DEVICE_FAMILY = "1,2";
				TEST_HOST = "$(BUILT_PRODUCTS_DIR)/weather.app/weather";
			};
			name = Debug;
		};
		E4ED24C22603385600CC7A6D /* Release */ = {
			isa = XCBuildConfiguration;
			buildSettings = {
				ALWAYS_EMBED_SWIFT_STANDARD_LIBRARIES = YES;
				BUNDLE_LOADER = "$(TEST_HOST)";
				CODE_SIGN_STYLE = Automatic;
				INFOPLIST_FILE = weatherTests/Info.plist;
				IPHONEOS_DEPLOYMENT_TARGET = 14.2;
				LD_RUNPATH_SEARCH_PATHS = (
					"$(inherited)",
					"@executable_path/Frameworks",
					"@loader_path/Frameworks",
				);
				PRODUCT_BUNDLE_IDENTIFIER = guhan.weatherTests;
				PRODUCT_NAME = "$(TARGET_NAME)";
				SWIFT_VERSION = 5.0;
				TARGETED_DEVICE_FAMILY = "1,2";
				TEST_HOST = "$(BUILT_PRODUCTS_DIR)/weather.app/weather";
			};
			name = Release;
		};
		E4ED24C42603385600CC7A6D /* Debug */ = {
			isa = XCBuildConfiguration;
			buildSettings = {
				ALWAYS_EMBED_SWIFT_STANDARD_LIBRARIES = YES;
				CODE_SIGN_STYLE = Automatic;
				INFOPLIST_FILE = weatherUITests/Info.plist;
				LD_RUNPATH_SEARCH_PATHS = (
					"$(inherited)",
					"@executable_path/Frameworks",
					"@loader_path/Frameworks",
				);
				PRODUCT_BUNDLE_IDENTIFIER = guhan.weatherUITests;
				PRODUCT_NAME = "$(TARGET_NAME)";
				SWIFT_VERSION = 5.0;
				TARGETED_DEVICE_FAMILY = "1,2";
				TEST_TARGET_NAME = weather;
			};
			name = Debug;
		};
		E4ED24C52603385600CC7A6D /* Release */ = {
			isa = XCBuildConfiguration;
			buildSettings = {
				ALWAYS_EMBED_SWIFT_STANDARD_LIBRARIES = YES;
				CODE_SIGN_STYLE = Automatic;
				INFOPLIST_FILE = weatherUITests/Info.plist;
				LD_RUNPATH_SEARCH_PATHS = (
					"$(inherited)",
					"@executable_path/Frameworks",
					"@loader_path/Frameworks",
				);
				PRODUCT_BUNDLE_IDENTIFIER = guhan.weatherUITests;
				PRODUCT_NAME = "$(TARGET_NAME)";
				SWIFT_VERSION = 5.0;
				TARGETED_DEVICE_FAMILY = "1,2";
				TEST_TARGET_NAME = weather;
			};
			name = Release;
		};
/* End XCBuildConfiguration section */

/* Begin XCConfigurationList section */
		E4ED248E2603385500CC7A6D /* Build configuration list for PBXProject "weather" */ = {
			isa = XCConfigurationList;
			buildConfigurations = (
				E4ED24BB2603385600CC7A6D /* Debug */,
				E4ED24BC2603385600CC7A6D /* Release */,
			);
			defaultConfigurationIsVisible = 0;
			defaultConfigurationName = Release;
		};
		E4ED24BD2603385600CC7A6D /* Build configuration list for PBXNativeTarget "weather" */ = {
			isa = XCConfigurationList;
			buildConfigurations = (
				E4ED24BE2603385600CC7A6D /* Debug */,
				E4ED24BF2603385600CC7A6D /* Release */,
			);
			defaultConfigurationIsVisible = 0;
			defaultConfigurationName = Release;
		};
		E4ED24C02603385600CC7A6D /* Build configuration list for PBXNativeTarget "weatherTests" */ = {
			isa = XCConfigurationList;
			buildConfigurations = (
				E4ED24C12603385600CC7A6D /* Debug */,
				E4ED24C22603385600CC7A6D /* Release */,
			);
			defaultConfigurationIsVisible = 0;
			defaultConfigurationName = Release;
		};
		E4ED24C32603385600CC7A6D /* Build configuration list for PBXNativeTarget "weatherUITests" */ = {
			isa = XCConfigurationList;
			buildConfigurations = (
				E4ED24C42603385600CC7A6D /* Debug */,
				E4ED24C52603385600CC7A6D /* Release */,
			);
			defaultConfigurationIsVisible = 0;
			defaultConfigurationName = Release;
		};
/* End XCConfigurationList section */
	};
	rootObject = E4ED248B2603385500CC7A6D /* Project object */;
}
